// !$*UTF8*$!
{
	archiveVersion = 1;
	classes = {};
	objectVersion = 56;
	objects = {

/* Begin PBXBuildFile section */
		4EB6FC9DE714F4CC745B9967 /* StadiumKit in Frameworks */ = {isa = PBXBuildFile; productRef = 5F0434C5DD25E2283073583D /* StadiumKit */; };
		2F23A17281A75D0875770706 /* Assets.xcassets in Resources */ = {isa = PBXBuildFile; fileRef = 8EA836F0CC5EB373E9E5F828 /* Assets.xcassets */; };
		7ABE22B3918893157F7196AD /* tokens.json in Resources */ = {isa = PBXBuildFile; fileRef = 3C0A0E771D8D37D4AA42C18C /* tokens.json */; };
		7E26EEE0820A17CD784B1348 /* API.swift in Sources */ = {isa = PBXBuildFile; fileRef = 8ADB9BE3BAF33F3F87ED0E5C /* API.swift */; };
		500B1F20DF1D0ED233B32497 /* AppleIntelligence.swift in Sources */ = {isa = PBXBuildFile; fileRef = 5B82BCADC2AD1506F94D0BEA /* AppleIntelligence.swift */; };
		3FA4EC74D0A31C5C60D8C79E /* Attention.swift in Sources */ = {isa = PBXBuildFile; fileRef = 59CBF1E8CC41F06FC909C34E /* Attention.swift */; };
		C29F82FBB3C1FA1ABCA99266 /* BoardView.swift in Sources */ = {isa = PBXBuildFile; fileRef = 045DF9D9ED222051C529CB76 /* BoardView.swift */; };
		D23C96A51FBF336FD667E92B /* CellView.swift in Sources */ = {isa = PBXBuildFile; fileRef = BE3BAB1EC78AAE08765A5C6F /* CellView.swift */; };
		90E665A6B84853169828DDB3 /* ComingSoon.swift in Sources */ = {isa = PBXBuildFile; fileRef = BDDE198B0714ED91A7399B39 /* ComingSoon.swift */; };
		C6CEC6DD16F84E49B060E283 /* CommandDetail.swift in Sources */ = {isa = PBXBuildFile; fileRef = F5029057AEA7EE4A6F399447 /* CommandDetail.swift */; };
		B301F08A365BAC3258930E38 /* CommandPanels.swift in Sources */ = {isa = PBXBuildFile; fileRef = F63D536F5DA0E279B27BE37C /* CommandPanels.swift */; };
		28D682A99E2E1FDE1D0EC03D /* CommandRails.swift in Sources */ = {isa = PBXBuildFile; fileRef = 9826E7D2E14B394647B8AFCD /* CommandRails.swift */; };
		EB3D8FCB9B6E0F2AD0922A49 /* CommandView.swift in Sources */ = {isa = PBXBuildFile; fileRef = 42C24CFCAB3D18C778AE8490 /* CommandView.swift */; };
		9303227218404B59F9DC0FAA /* FantasyEdgeApp.swift in Sources */ = {isa = PBXBuildFile; fileRef = FEA16B3A5CE32FF86A41A1D3 /* FantasyEdgeApp.swift */; };
		8223D051ECED5B40D4CD9D2C /* Field.swift in Sources */ = {isa = PBXBuildFile; fileRef = 40DBB4D7F136F5DDBC7144CC /* Field.swift */; };
		B03E4A9891D492752E873555 /* GameFieldView.swift in Sources */ = {isa = PBXBuildFile; fileRef = 0E2BED24FCC9005C4E3ED20E /* GameFieldView.swift */; };
		D008569B94DFD109A002453A /* Gamecast.swift in Sources */ = {isa = PBXBuildFile; fileRef = D260E8769E75220D2DCB99F6 /* Gamecast.swift */; };
		C0FB3324DC26E412EDCF15FE /* Gridiron.swift in Sources */ = {isa = PBXBuildFile; fileRef = 92F54AC836EC2489FF7E7976 /* Gridiron.swift */; };
		A2488459E3B26CCA1122BC2B /* Imagery.swift in Sources */ = {isa = PBXBuildFile; fileRef = F5D59E50C6419125834A3BA2 /* Imagery.swift */; };
		33A91A5D2EC233EB192C2C23 /* ImmersiveBoard.swift in Sources */ = {isa = PBXBuildFile; fileRef = 889E750143DD9C72D3C2AA8E /* ImmersiveBoard.swift */; };
		2B7B9AB5FD830CB3C8C366FC /* Intel.swift in Sources */ = {isa = PBXBuildFile; fileRef = 8E958FC9FF9B6AB5EA7A1C91 /* Intel.swift */; };
		2F66FB74235D2E75CBBD3DC0 /* IntelView.swift in Sources */ = {isa = PBXBuildFile; fileRef = 8AB57982F7DC43561D0E3FE9 /* IntelView.swift */; };
		779FC619BA0A528F55C42A65 /* LeagueView.swift in Sources */ = {isa = PBXBuildFile; fileRef = A99CF54DD670773756DCE373 /* LeagueView.swift */; };
		2C070E01B6F0A5C41A589921 /* Leverage.swift in Sources */ = {isa = PBXBuildFile; fileRef = 848B7422D9647143452C9753 /* Leverage.swift */; };
		5576CAB7A3B67872A2D150AB /* LiveView.swift in Sources */ = {isa = PBXBuildFile; fileRef = 9D6B97E969AB9606C0E94195 /* LiveView.swift */; };
		10A6D3EEBBBA3F9FAAAF8F57 /* Models.swift in Sources */ = {isa = PBXBuildFile; fileRef = B800C2342BB2F01CC074FBAF /* Models.swift */; };
		DE4026131B38F32EECE347BB /* PlayerHologram.swift in Sources */ = {isa = PBXBuildFile; fileRef = C3A008AAFFECAB0057275C64 /* PlayerHologram.swift */; };
		DD1163A7D787CDF26931B2C8 /* PlayersView.swift in Sources */ = {isa = PBXBuildFile; fileRef = 4FEBA4BC9684357AC9155984 /* PlayersView.swift */; };
		F8ED720F0D5071B5620CACA3 /* Projections.swift in Sources */ = {isa = PBXBuildFile; fileRef = 38E3466D5422E0389280CFCA /* Projections.swift */; };
		F96424E8A9B7076E203F9B63 /* ProjectionsView.swift in Sources */ = {isa = PBXBuildFile; fileRef = EBF4CEF26D84F3A99B039723 /* ProjectionsView.swift */; };
		74EC3BB0A11FB5A8C265E13E /* RedZoneChannel.swift in Sources */ = {isa = PBXBuildFile; fileRef = 5B2CEC96E3765109B4BC5E23 /* RedZoneChannel.swift */; };
		8590ABF7DB988B9891EE2C2A /* Spotlight.swift in Sources */ = {isa = PBXBuildFile; fileRef = C0EACBD5850D41E9E135D82C /* Spotlight.swift */; };
		E0F9BED430BEACB0D672A815 /* StadiumHost.swift in Sources */ = {isa = PBXBuildFile; fileRef = 29C27A2460C89A62A912EAAF /* StadiumHost.swift */; };
		87EACE04447F94D7CDA2866A /* Theme.swift in Sources */ = {isa = PBXBuildFile; fileRef = 56C7B160441874DDB2DC3220 /* Theme.swift */; };
		DB09AE26E1DDDB343FD0BFDF /* Watch.swift in Sources */ = {isa = PBXBuildFile; fileRef = 6B52FBF15637237B331C3961 /* Watch.swift */; };
/* End PBXBuildFile section */

/* Begin PBXFileReference section */
		85673086EF6CFD3A1F8591AF /* FantasyEdge.app */ = {isa = PBXFileReference; explicitFileType = wrapper.application; includeInIndex = 0; path = FantasyEdge.app; sourceTree = BUILT_PRODUCTS_DIR; };
		8EA836F0CC5EB373E9E5F828 /* Assets.xcassets */ = {isa = PBXFileReference; lastKnownFileType = folder.assetcatalog; path = FantasyEdge/Assets.xcassets; sourceTree = SOURCE_ROOT; };
		3C0A0E771D8D37D4AA42C18C /* tokens.json */ = {isa = PBXFileReference; lastKnownFileType = text.json; path = ../design/tokens.json; sourceTree = SOURCE_ROOT; };
		8ADB9BE3BAF33F3F87ED0E5C /* API.swift */ = {isa = PBXFileReference; lastKnownFileType = sourcecode.swift; path = API.swift; sourceTree = "<group>"; };
		5B82BCADC2AD1506F94D0BEA /* AppleIntelligence.swift */ = {isa = PBXFileReference; lastKnownFileType = sourcecode.swift; path = AppleIntelligence.swift; sourceTree = "<group>"; };
		59CBF1E8CC41F06FC909C34E /* Attention.swift */ = {isa = PBXFileReference; lastKnownFileType = sourcecode.swift; path = Attention.swift; sourceTree = "<group>"; };
		045DF9D9ED222051C529CB76 /* BoardView.swift */ = {isa = PBXFileReference; lastKnownFileType = sourcecode.swift; path = BoardView.swift; sourceTree = "<group>"; };
		BE3BAB1EC78AAE08765A5C6F /* CellView.swift */ = {isa = PBXFileReference; lastKnownFileType = sourcecode.swift; path = CellView.swift; sourceTree = "<group>"; };
		BDDE198B0714ED91A7399B39 /* ComingSoon.swift */ = {isa = PBXFileReference; lastKnownFileType = sourcecode.swift; path = ComingSoon.swift; sourceTree = "<group>"; };
		F5029057AEA7EE4A6F399447 /* CommandDetail.swift */ = {isa = PBXFileReference; lastKnownFileType = sourcecode.swift; path = CommandDetail.swift; sourceTree = "<group>"; };
		F63D536F5DA0E279B27BE37C /* CommandPanels.swift */ = {isa = PBXFileReference; lastKnownFileType = sourcecode.swift; path = CommandPanels.swift; sourceTree = "<group>"; };
		9826E7D2E14B394647B8AFCD /* CommandRails.swift */ = {isa = PBXFileReference; lastKnownFileType = sourcecode.swift; path = CommandRails.swift; sourceTree = "<group>"; };
		42C24CFCAB3D18C778AE8490 /* CommandView.swift */ = {isa = PBXFileReference; lastKnownFileType = sourcecode.swift; path = CommandView.swift; sourceTree = "<group>"; };
		FEA16B3A5CE32FF86A41A1D3 /* FantasyEdgeApp.swift */ = {isa = PBXFileReference; lastKnownFileType = sourcecode.swift; path = FantasyEdgeApp.swift; sourceTree = "<group>"; };
		40DBB4D7F136F5DDBC7144CC /* Field.swift */ = {isa = PBXFileReference; lastKnownFileType = sourcecode.swift; path = Field.swift; sourceTree = "<group>"; };
		0E2BED24FCC9005C4E3ED20E /* GameFieldView.swift */ = {isa = PBXFileReference; lastKnownFileType = sourcecode.swift; path = GameFieldView.swift; sourceTree = "<group>"; };
		D260E8769E75220D2DCB99F6 /* Gamecast.swift */ = {isa = PBXFileReference; lastKnownFileType = sourcecode.swift; path = Gamecast.swift; sourceTree = "<group>"; };
		92F54AC836EC2489FF7E7976 /* Gridiron.swift */ = {isa = PBXFileReference; lastKnownFileType = sourcecode.swift; path = Gridiron.swift; sourceTree = "<group>"; };
		F5D59E50C6419125834A3BA2 /* Imagery.swift */ = {isa = PBXFileReference; lastKnownFileType = sourcecode.swift; path = Imagery.swift; sourceTree = "<group>"; };
		889E750143DD9C72D3C2AA8E /* ImmersiveBoard.swift */ = {isa = PBXFileReference; lastKnownFileType = sourcecode.swift; path = ImmersiveBoard.swift; sourceTree = "<group>"; };
		8E958FC9FF9B6AB5EA7A1C91 /* Intel.swift */ = {isa = PBXFileReference; lastKnownFileType = sourcecode.swift; path = Intel.swift; sourceTree = "<group>"; };
		8AB57982F7DC43561D0E3FE9 /* IntelView.swift */ = {isa = PBXFileReference; lastKnownFileType = sourcecode.swift; path = IntelView.swift; sourceTree = "<group>"; };
		A99CF54DD670773756DCE373 /* LeagueView.swift */ = {isa = PBXFileReference; lastKnownFileType = sourcecode.swift; path = LeagueView.swift; sourceTree = "<group>"; };
		848B7422D9647143452C9753 /* Leverage.swift */ = {isa = PBXFileReference; lastKnownFileType = sourcecode.swift; path = Leverage.swift; sourceTree = "<group>"; };
		9D6B97E969AB9606C0E94195 /* LiveView.swift */ = {isa = PBXFileReference; lastKnownFileType = sourcecode.swift; path = LiveView.swift; sourceTree = "<group>"; };
		B800C2342BB2F01CC074FBAF /* Models.swift */ = {isa = PBXFileReference; lastKnownFileType = sourcecode.swift; path = Models.swift; sourceTree = "<group>"; };
		C3A008AAFFECAB0057275C64 /* PlayerHologram.swift */ = {isa = PBXFileReference; lastKnownFileType = sourcecode.swift; path = PlayerHologram.swift; sourceTree = "<group>"; };
		4FEBA4BC9684357AC9155984 /* PlayersView.swift */ = {isa = PBXFileReference; lastKnownFileType = sourcecode.swift; path = PlayersView.swift; sourceTree = "<group>"; };
		38E3466D5422E0389280CFCA /* Projections.swift */ = {isa = PBXFileReference; lastKnownFileType = sourcecode.swift; path = Projections.swift; sourceTree = "<group>"; };
		EBF4CEF26D84F3A99B039723 /* ProjectionsView.swift */ = {isa = PBXFileReference; lastKnownFileType = sourcecode.swift; path = ProjectionsView.swift; sourceTree = "<group>"; };
		5B2CEC96E3765109B4BC5E23 /* RedZoneChannel.swift */ = {isa = PBXFileReference; lastKnownFileType = sourcecode.swift; path = RedZoneChannel.swift; sourceTree = "<group>"; };
		C0EACBD5850D41E9E135D82C /* Spotlight.swift */ = {isa = PBXFileReference; lastKnownFileType = sourcecode.swift; path = Spotlight.swift; sourceTree = "<group>"; };
		29C27A2460C89A62A912EAAF /* StadiumHost.swift */ = {isa = PBXFileReference; lastKnownFileType = sourcecode.swift; path = StadiumHost.swift; sourceTree = "<group>"; };
		56C7B160441874DDB2DC3220 /* Theme.swift */ = {isa = PBXFileReference; lastKnownFileType = sourcecode.swift; path = Theme.swift; sourceTree = "<group>"; };
		6B52FBF15637237B331C3961 /* Watch.swift */ = {isa = PBXFileReference; lastKnownFileType = sourcecode.swift; path = Watch.swift; sourceTree = "<group>"; };
/* End PBXFileReference section */

/* Begin PBXFrameworksBuildPhase section */
		CC931E1219AD275C20F3632C = {
			isa = PBXFrameworksBuildPhase;
			buildActionMask = 2147483647;
			files = (
				4EB6FC9DE714F4CC745B9967 /* StadiumKit in Frameworks */,
			);
			runOnlyForDeploymentPostprocessing = 0;
		};
/* End PBXFrameworksBuildPhase section */

/* Begin PBXGroup section */
		E50290A24C49A459B43487C5 = {
			isa = PBXGroup;
			children = (
				958B6263A0B70C847CDA462B /* Sources */,
				328EC33DF3954DC9B83FA285 /* Products */,
			);
			sourceTree = "<group>";
		};
		958B6263A0B70C847CDA462B /* Sources */ = {
			isa = PBXGroup;
			children = (
				8EA836F0CC5EB373E9E5F828 /* Assets.xcassets */,
				3C0A0E771D8D37D4AA42C18C /* tokens.json */,
				8ADB9BE3BAF33F3F87ED0E5C /* API.swift */,
				5B82BCADC2AD1506F94D0BEA /* AppleIntelligence.swift */,
				59CBF1E8CC41F06FC909C34E /* Attention.swift */,
				045DF9D9ED222051C529CB76 /* BoardView.swift */,
				BE3BAB1EC78AAE08765A5C6F /* CellView.swift */,
				BDDE198B0714ED91A7399B39 /* ComingSoon.swift */,
				F5029057AEA7EE4A6F399447 /* CommandDetail.swift */,
				F63D536F5DA0E279B27BE37C /* CommandPanels.swift */,
				9826E7D2E14B394647B8AFCD /* CommandRails.swift */,
				42C24CFCAB3D18C778AE8490 /* CommandView.swift */,
				FEA16B3A5CE32FF86A41A1D3 /* FantasyEdgeApp.swift */,
				40DBB4D7F136F5DDBC7144CC /* Field.swift */,
				0E2BED24FCC9005C4E3ED20E /* GameFieldView.swift */,
				D260E8769E75220D2DCB99F6 /* Gamecast.swift */,
				92F54AC836EC2489FF7E7976 /* Gridiron.swift */,
				F5D59E50C6419125834A3BA2 /* Imagery.swift */,
				889E750143DD9C72D3C2AA8E /* ImmersiveBoard.swift */,
				8E958FC9FF9B6AB5EA7A1C91 /* Intel.swift */,
				8AB57982F7DC43561D0E3FE9 /* IntelView.swift */,
				A99CF54DD670773756DCE373 /* LeagueView.swift */,
				848B7422D9647143452C9753 /* Leverage.swift */,
				9D6B97E969AB9606C0E94195 /* LiveView.swift */,
				B800C2342BB2F01CC074FBAF /* Models.swift */,
				C3A008AAFFECAB0057275C64 /* PlayerHologram.swift */,
				4FEBA4BC9684357AC9155984 /* PlayersView.swift */,
				38E3466D5422E0389280CFCA /* Projections.swift */,
				EBF4CEF26D84F3A99B039723 /* ProjectionsView.swift */,
				5B2CEC96E3765109B4BC5E23 /* RedZoneChannel.swift */,
				C0EACBD5850D41E9E135D82C /* Spotlight.swift */,
				29C27A2460C89A62A912EAAF /* StadiumHost.swift */,
				56C7B160441874DDB2DC3220 /* Theme.swift */,
				6B52FBF15637237B331C3961 /* Watch.swift */,
			);
			path = FantasyEdge/Sources;
			sourceTree = "<group>";
		};
		328EC33DF3954DC9B83FA285 /* Products */ = {
			isa = PBXGroup;
			children = (
				85673086EF6CFD3A1F8591AF /* FantasyEdge.app */,
			);
			name = Products;
			sourceTree = "<group>";
		};
/* End PBXGroup section */

/* Begin PBXNativeTarget section */
		0E8A3AD980EC179856012B7E /* FantasyEdge */ = {
			isa = PBXNativeTarget;
			buildConfigurationList = A4C54DBBEE4CD1F0693131A9;
			buildPhases = (
				E66CB3B8F89DAB928E81ABB5,
				CC931E1219AD275C20F3632C,
				59078AB1F481882BED053FC9,
				8CFFBB14392A4351044A5404,
			);
			buildRules = ();
			dependencies = ();
			name = FantasyEdge;
			packageProductDependencies = (
				5F0434C5DD25E2283073583D /* StadiumKit */,
			);
			productName = FantasyEdge;
			productReference = 85673086EF6CFD3A1F8591AF /* FantasyEdge.app */;
			productType = "com.apple.product-type.application";
		};
/* End PBXNativeTarget section */

/* Begin PBXProject section */
		98F54143AB4E86B28C3AFEE0 = {
			isa = PBXProject;
			packageReferences = (
				3F1D5205D6ED56D4625A68C3 /* XCLocalSwiftPackageReference "../packages/swift/StadiumKit" */,
			);
			attributes = {
				BuildIndependentTargetsInParallel = 1;
				LastSwiftUpdateCheck = 1600;
				LastUpgradeCheck = 1600;
			};
			buildConfigurationList = 3A3AA46345CA81460312FF60;
			compatibilityVersion = "Xcode 14.0";
			developmentRegion = en;
			hasScannedForEncodings = 0;
			knownRegions = (en, Base);
			mainGroup = E50290A24C49A459B43487C5;
			productRefGroup = 328EC33DF3954DC9B83FA285 /* Products */;
			projectDirPath = "";
			projectRoot = "";
			targets = (
				0E8A3AD980EC179856012B7E /* FantasyEdge */,
			);
		};
/* End PBXProject section */

/* Begin PBXResourcesBuildPhase section */
		59078AB1F481882BED053FC9 = {
			isa = PBXResourcesBuildPhase;
			buildActionMask = 2147483647;
			files = (
				2F23A17281A75D0875770706 /* Assets.xcassets in Resources */,
				7ABE22B3918893157F7196AD /* tokens.json in Resources */,
			);
			runOnlyForDeploymentPostprocessing = 0;
		};
/* End PBXResourcesBuildPhase section */

/* Begin PBXShellScriptBuildPhase section */
		8CFFBB14392A4351044A5404 /* Copy StadiumAssets */ = {
			isa = PBXShellScriptBuildPhase;
			alwaysOutOfDate = 1;
			buildActionMask = 2147483647;
			files = ();
			inputPaths = ();
			name = "Copy StadiumAssets";
			outputPaths = ();
			runOnlyForDeploymentPostprocessing = 0;
			shellPath = /bin/sh;
			shellScript = "set -e\nDEST=\"$TARGET_BUILD_DIR/$UNLOCALIZED_RESOURCES_FOLDER_PATH/assets\"\nmkdir -p \"$DEST\"\nrsync -a --delete --exclude='*.glb' --exclude='review/' \"$SRCROOT/../assets/\" \"$DEST/\"\n";
		};
/* End PBXShellScriptBuildPhase section */

/* Begin PBXSourcesBuildPhase section */
		E66CB3B8F89DAB928E81ABB5 = {
			isa = PBXSourcesBuildPhase;
			buildActionMask = 2147483647;
			files = (
				7E26EEE0820A17CD784B1348 /* API.swift in Sources */,
				500B1F20DF1D0ED233B32497 /* AppleIntelligence.swift in Sources */,
				3FA4EC74D0A31C5C60D8C79E /* Attention.swift in Sources */,
				C29F82FBB3C1FA1ABCA99266 /* BoardView.swift in Sources */,
				D23C96A51FBF336FD667E92B /* CellView.swift in Sources */,
				90E665A6B84853169828DDB3 /* ComingSoon.swift in Sources */,
				C6CEC6DD16F84E49B060E283 /* CommandDetail.swift in Sources */,
				B301F08A365BAC3258930E38 /* CommandPanels.swift in Sources */,
				28D682A99E2E1FDE1D0EC03D /* CommandRails.swift in Sources */,
				EB3D8FCB9B6E0F2AD0922A49 /* CommandView.swift in Sources */,
				9303227218404B59F9DC0FAA /* FantasyEdgeApp.swift in Sources */,
				8223D051ECED5B40D4CD9D2C /* Field.swift in Sources */,
				B03E4A9891D492752E873555 /* GameFieldView.swift in Sources */,
				D008569B94DFD109A002453A /* Gamecast.swift in Sources */,
				C0FB3324DC26E412EDCF15FE /* Gridiron.swift in Sources */,
				A2488459E3B26CCA1122BC2B /* Imagery.swift in Sources */,
				33A91A5D2EC233EB192C2C23 /* ImmersiveBoard.swift in Sources */,
				2B7B9AB5FD830CB3C8C366FC /* Intel.swift in Sources */,
				2F66FB74235D2E75CBBD3DC0 /* IntelView.swift in Sources */,
				779FC619BA0A528F55C42A65 /* LeagueView.swift in Sources */,
				2C070E01B6F0A5C41A589921 /* Leverage.swift in Sources */,
				5576CAB7A3B67872A2D150AB /* LiveView.swift in Sources */,
				10A6D3EEBBBA3F9FAAAF8F57 /* Models.swift in Sources */,
				DE4026131B38F32EECE347BB /* PlayerHologram.swift in Sources */,
				DD1163A7D787CDF26931B2C8 /* PlayersView.swift in Sources */,
				F8ED720F0D5071B5620CACA3 /* Projections.swift in Sources */,
				F96424E8A9B7076E203F9B63 /* ProjectionsView.swift in Sources */,
				74EC3BB0A11FB5A8C265E13E /* RedZoneChannel.swift in Sources */,
				8590ABF7DB988B9891EE2C2A /* Spotlight.swift in Sources */,
				E0F9BED430BEACB0D672A815 /* StadiumHost.swift in Sources */,
				87EACE04447F94D7CDA2866A /* Theme.swift in Sources */,
				DB09AE26E1DDDB343FD0BFDF /* Watch.swift in Sources */,
			);
			runOnlyForDeploymentPostprocessing = 0;
		};
/* End PBXSourcesBuildPhase section */

/* Begin XCBuildConfiguration section */
		671D9E2E95809E27B85B6A20 /* Debug */ = {
			isa = XCBuildConfiguration;
			buildSettings = {
				ALWAYS_SEARCH_USER_PATHS = NO;
				CLANG_ENABLE_OBJC_ARC = YES;
				COPY_PHASE_STRIP = NO;
				DEBUG_INFORMATION_FORMAT = dwarf;
				ENABLE_TESTABILITY = YES;
				GCC_OPTIMIZATION_LEVEL = 0;
				ONLY_ACTIVE_ARCH = YES;
				SWIFT_ACTIVE_COMPILATION_CONDITIONS = DEBUG;
				SWIFT_OPTIMIZATION_LEVEL = "-Onone";
				SDKROOT = xros;
				XROS_DEPLOYMENT_TARGET = 2.0;
			};
			name = Debug;
		};
		AC5D6E15C21DCFD954DE2D0E /* Release */ = {
			isa = XCBuildConfiguration;
			buildSettings = {
				ALWAYS_SEARCH_USER_PATHS = NO;
				CLANG_ENABLE_OBJC_ARC = YES;
				COPY_PHASE_STRIP = NO;
				DEBUG_INFORMATION_FORMAT = "dwarf-with-dsym";
				SWIFT_COMPILATION_MODE = wholemodule;
				SDKROOT = xros;
				XROS_DEPLOYMENT_TARGET = 2.0;
			};
			name = Release;
		};
		5FD7CB20C3C0A7C4C28C16DB /* Debug */ = {
			isa = XCBuildConfiguration;
			buildSettings = {
				INFOPLIST_KEY_UIApplicationSceneManifest_Generation = YES;
				INFOPLIST_KEY_CFBundleDisplayName = "Fantasy Edge";
				INFOPLIST_KEY_NSLocalNetworkUsageDescription = "Fantasy Edge reads your league board from the Mac on your network.";
				INFOPLIST_KEY_UIApplicationSupportsMultipleScenes = YES;
				GENERATE_INFOPLIST_FILE = YES;
				PRODUCT_BUNDLE_IDENTIFIER = com.mutaaf.fantasyedge;
				PRODUCT_NAME = FantasyEdge;
				SWIFT_VERSION = 5.0;
				XROS_DEPLOYMENT_TARGET = 2.0;
				SUPPORTED_PLATFORMS = "xros xrsimulator";
				TARGETED_DEVICE_FAMILY = 7;
				SDKROOT = xros;
				CODE_SIGN_STYLE = Automatic;
				"CODE_SIGNING_ALLOWED[sdk=xrsimulator*]" = NO;
				"CODE_SIGNING_REQUIRED[sdk=xrsimulator*]" = NO;
				"CODE_SIGN_IDENTITY[sdk=xros*]" = "Apple Development";
				DEVELOPMENT_TEAM = Z73865R687;
				ASSETCATALOG_COMPILER_APPICON_NAME = AppIcon;
			};
			name = Debug;
		};
		AF694ED35853F54DD12B6EE6 /* Release */ = {
			isa = XCBuildConfiguration;
			buildSettings = {
				INFOPLIST_KEY_UIApplicationSceneManifest_Generation = YES;
				INFOPLIST_KEY_CFBundleDisplayName = "Fantasy Edge";
				INFOPLIST_KEY_NSLocalNetworkUsageDescription = "Fantasy Edge reads your league board from the Mac on your network.";
				INFOPLIST_KEY_UIApplicationSupportsMultipleScenes = YES;
				GENERATE_INFOPLIST_FILE = YES;
				PRODUCT_BUNDLE_IDENTIFIER = com.mutaaf.fantasyedge;
				PRODUCT_NAME = FantasyEdge;
				SWIFT_VERSION = 5.0;
				XROS_DEPLOYMENT_TARGET = 2.0;
				SUPPORTED_PLATFORMS = "xros xrsimulator";
				TARGETED_DEVICE_FAMILY = 7;
				SDKROOT = xros;
				CODE_SIGN_STYLE = Automatic;
				"CODE_SIGNING_ALLOWED[sdk=xrsimulator*]" = NO;
				"CODE_SIGNING_REQUIRED[sdk=xrsimulator*]" = NO;
				"CODE_SIGN_IDENTITY[sdk=xros*]" = "Apple Development";
				DEVELOPMENT_TEAM = Z73865R687;
				ASSETCATALOG_COMPILER_APPICON_NAME = AppIcon;
			};
			name = Release;
		};
/* End XCBuildConfiguration section */

/* Begin XCLocalSwiftPackageReference section */
		3F1D5205D6ED56D4625A68C3 /* XCLocalSwiftPackageReference "../packages/swift/StadiumKit" */ = {
			isa = XCLocalSwiftPackageReference;
			relativePath = ../packages/swift/StadiumKit;
		};
/* End XCLocalSwiftPackageReference section */

/* Begin XCSwiftPackageProductDependency section */
		5F0434C5DD25E2283073583D /* StadiumKit */ = {
			isa = XCSwiftPackageProductDependency;
			productName = StadiumKit;
		};
/* End XCSwiftPackageProductDependency section */

/* Begin XCConfigurationList section */
		3A3AA46345CA81460312FF60 = {
			isa = XCConfigurationList;
			buildConfigurations = (
				671D9E2E95809E27B85B6A20 /* Debug */,
				AC5D6E15C21DCFD954DE2D0E /* Release */,
			);
			defaultConfigurationIsVisible = 0;
			defaultConfigurationName = Release;
		};
		A4C54DBBEE4CD1F0693131A9 = {
			isa = XCConfigurationList;
			buildConfigurations = (
				5FD7CB20C3C0A7C4C28C16DB /* Debug */,
				AF694ED35853F54DD12B6EE6 /* Release */,
			);
			defaultConfigurationIsVisible = 0;
			defaultConfigurationName = Release;
		};
/* End XCConfigurationList section */
	};
	rootObject = 98F54143AB4E86B28C3AFEE0;
}
